{
    "name": "zzmaps",
    "version": "1.0.0",
    "lockfileVersion": 1,
    "requires": true,
    "dependencies": {
        "@types/geojson": {
            "version": "7946.0.7",
            "resolved": "https://registry.npmjs.org/@types/geojson/-/geojson-7946.0.7.tgz",
            "integrity": "sha512-wE2v81i4C4Ol09RtsWFAqg3BUitWbHSpSlIo+bNdsCJijO9sjme+zm+73ZMCa/qMC8UEERxzGbvmr1cffo2SiQ==",
            "dev": true
        },
        "@types/leaflet": {
            "version": "1.5.8",
            "resolved": "https://registry.npmjs.org/@types/leaflet/-/leaflet-1.5.8.tgz",
            "integrity": "sha512-qpi5n4LmwenUFZ+VZ7ytRgHK+ZAclIvloL2zoKCmmj244WD2hBcLbUZ6Szvajfe3sIkSYEJ8WZ1p9VYl8tRsMA==",
            "dev": true,
            "requires": {
                "@types/geojson": "*"
            }
        },
        "@types/node": {
            "version": "13.7.0",
            "resolved": "https://registry.npmjs.org/@types/node/-/node-13.7.0.tgz",
            "integrity": "sha512-GnZbirvmqZUzMgkFn70c74OQpTTUcCzlhQliTzYjQMqg+hVKcDnxdL19Ne3UdYzdMA/+W3eb646FWn/ZaT1NfQ=="
        },
        "typescript": {
            "version": "3.7.5",
            "resolved": "https://registry.npmjs.org/typescript/-/typescript-3.7.5.tgz",
            "integrity": "sha512-/P5lkRXkWHNAbcJIiHPfRoKqyd7bsyCma1hZNUGfn20qm64T6ZBlrzprymeu918H+mB/0rIg2gGK/BXkhhYgBw==",
            "dev": true
        }
    }
}
